
Microsoft Visual Studio Solution File, Format Version 12.00
# Visual Studio Version 16
VisualStudioVersion = 16.0.31205.134
MinimumVisualStudioVersion = 10.0.40219.1
Project("{FAE04EC0-301F-11D3-BF4B-00C04F79EFBC}") = "cs361-language-microservice", "cs361-language-microservice\cs361-language-microservice.csproj", "{D209D126-EF22-4F4C-B5BE-4D22DC664156}"
EndProject
Global
	GlobalSection(SolutionConfigurationPlatforms) = preSolution
		Debug|Any CPU = Debug|Any CPU
		Release|Any CPU = Release|Any CPU
	EndGlobalSection
	GlobalSection(ProjectConfigurationPlatforms) = postSolution
		{D209D126-EF22-4F4C-B5BE-4D22DC664156}.Debug|Any CPU.ActiveCfg = Debug|Any CPU
		{D209D126-EF22-4F4C-B5BE-4D22DC664156}.Debug|Any CPU.Build.0 = Debug|Any CPU
		{D209D126-EF22-4F4C-B5BE-4D22DC664156}.Release|Any CPU.ActiveCfg = Release|Any CPU
		{D209D126-EF22-4F4C-B5BE-4D22DC664156}.Release|Any CPU.Build.0 = Release|Any CPU
	EndGlobalSection
	GlobalSection(SolutionProperties) = preSolution
		HideSolutionNode = FALSE
	EndGlobalSection
	GlobalSection(ExtensibilityGlobals) = postSolution
		SolutionGuid = {DBEAD54D-7239-47D0-BC7C-58003E44C32E}
	EndGlobalSection
EndGlobal
